
Microsoft Visual Studio Solution File, Format Version 12.00
# Visual Studio Version 16
VisualStudioVersion = 16.0.30128.74
MinimumVisualStudioVersion = 10.0.40219.1
Project("{FAE04EC0-301F-11D3-BF4B-00C04F79EFBC}") = "AcademiaDotNet.CursoCSharp.ConsoleApplication", "AcademiaDotNet.CursoCSharp.ConsoleApplication\AcademiaDotNet.CursoCSharp.ConsoleApplication.csproj", "{4BCED908-A3F0-417C-BB3C-D93A93B517DD}"
EndProject
Global
	GlobalSection(SolutionConfigurationPlatforms) = preSolution
		Debug|Any CPU = Debug|Any CPU
		Release|Any CPU = Release|Any CPU
	EndGlobalSection
	GlobalSection(ProjectConfigurationPlatforms) = postSolution
		{4BCED908-A3F0-417C-BB3C-D93A93B517DD}.Debug|Any CPU.ActiveCfg = Debug|Any CPU
		{4BCED908-A3F0-417C-BB3C-D93A93B517DD}.Debug|Any CPU.Build.0 = Debug|Any CPU
		{4BCED908-A3F0-417C-BB3C-D93A93B517DD}.Release|Any CPU.ActiveCfg = Release|Any CPU
		{4BCED908-A3F0-417C-BB3C-D93A93B517DD}.Release|Any CPU.Build.0 = Release|Any CPU
	EndGlobalSection
	GlobalSection(SolutionProperties) = preSolution
		HideSolutionNode = FALSE
	EndGlobalSection
	GlobalSection(ExtensibilityGlobals) = postSolution
		SolutionGuid = {55B8240C-BBB0-4235-8208-9E89E66D04DE}
	EndGlobalSection
EndGlobal
